// !$*UTF8*$!
{
	archiveVersion = 1;
	classes = {
	};
	objectVersion = 50;
	objects = {

/* Begin PBXBuildFile section */
		57DABCD22127F9DF007DE9EB /* AppDelegate.swift in Sources */ = {isa = PBXBuildFile; fileRef = 57DABCD12127F9DF007DE9EB /* AppDelegate.swift */; };
		57DABCD42127F9DF007DE9EB /* ViewController.swift in Sources */ = {isa = PBXBuildFile; fileRef = 57DABCD32127F9DF007DE9EB /* ViewController.swift */; };
		57DABCD72127F9DF007DE9EB /* Main.storyboard in Resources */ = {isa = PBXBuildFile; fileRef = 57DABCD52127F9DF007DE9EB /* Main.storyboard */; };
		57DABCD92127F9E0007DE9EB /* Assets.xcassets in Resources */ = {isa = PBXBuildFile; fileRef = 57DABCD82127F9E0007DE9EB /* Assets.xcassets */; };
		57DABCDC2127F9E0007DE9EB /* LaunchScreen.storyboard in Resources */ = {isa = PBXBuildFile; fileRef = 57DABCDA2127F9E0007DE9EB /* LaunchScreen.storyboard */; };
		57DABCE82128067C007DE9EB /* level1.txt in Resources */ = {isa = PBXBuildFile; fileRef = 57DABCE72128067C007DE9EB /* level1.txt */; };
		57DABCEA212806A9007DE9EB /* level2.txt in Resources */ = {isa = PBXBuildFile; fileRef = 57DABCE9212806A9007DE9EB /* level2.txt */; };
/* End PBXBuildFile section */

/* Begin PBXFileReference section */
		57DABCCE2127F9DF007DE9EB /* SevenSwiftyWords.app */ = {isa = PBXFileReference; explicitFileType = wrapper.application; includeInIndex = 0; path = SevenSwiftyWords.app; sourceTree = BUILT_PRODUCTS_DIR; };
		57DABCD12127F9DF007DE9EB /* AppDelegate.swift */ = {isa = PBXFileReference; lastKnownFileType = sourcecode.swift; path = AppDelegate.swift; sourceTree = "<group>"; };
		57DABCD32127F9DF007DE9EB /* ViewController.swift */ = {isa = PBXFileReference; lastKnownFileType = sourcecode.swift; path = ViewController.swift; sourceTree = "<group>"; };
		57DABCD62127F9DF007DE9EB /* Base */ = {isa = PBXFileReference; lastKnownFileType = file.storyboard; name = Base; path = Base.lproj/Main.storyboard; sourceTree = "<group>"; };
		57DABCD82127F9E0007DE9EB /* Assets.xcassets */ = {isa = PBXFileReference; lastKnownFileType = folder.assetcatalog; path = Assets.xcassets; sourceTree = "<group>"; };
		57DABCDB2127F9E0007DE9EB /* Base */ = {isa = PBXFileReference; lastKnownFileType = file.storyboard; name = Base; path = Base.lproj/LaunchScreen.storyboard; sourceTree = "<group>"; };
		57DABCDD2127F9E0007DE9EB /* Info.plist */ = {isa = PBXFileReference; lastKnownFileType = text.plist.xml; path = Info.plist; sourceTree = "<group>"; };
		57DABCE72128067C007DE9EB /* level1.txt */ = {isa = PBXFileReference; lastKnownFileType = text; path = level1.txt; sourceTree = "<group>"; };
		57DABCE9212806A9007DE9EB /* level2.txt */ = {isa = PBXFileReference; lastKnownFileType = text; path = level2.txt; sourceTree = "<group>"; };
/* End PBXFileReference section */

/* Begin PBXFrameworksBuildPhase section */
		57DABCCB2127F9DF007DE9EB /* Frameworks */ = {
			isa = PBXFrameworksBuildPhase;
			buildActionMask = 2147483647;
			files = (
			);
			runOnlyForDeploymentPostprocessing = 0;
		};
/* End PBXFrameworksBuildPhase section */

/* Begin PBXGroup section */
		57DABCC52127F9DF007DE9EB = {
			isa = PBXGroup;
			children = (
				57DABCD02127F9DF007DE9EB /* SevenSwiftyWords */,
				57DABCCF2127F9DF007DE9EB /* Products */,
			);
			sourceTree = "<group>";
		};
		57DABCCF2127F9DF007DE9EB /* Products */ = {
			isa = PBXGroup;
			children = (
				57DABCCE2127F9DF007DE9EB /* SevenSwiftyWords.app */,
			);
			name = Products;
			sourceTree = "<group>";
		};
		57DABCD02127F9DF007DE9EB /* SevenSwiftyWords */ = {
			isa = PBXGroup;
			children = (
				57DABCD12127F9DF007DE9EB /* AppDelegate.swift */,
				57DABCD32127F9DF007DE9EB /* ViewController.swift */,
				57DABCD52127F9DF007DE9EB /* Main.storyboard */,
				57DABCD82127F9E0007DE9EB /* Assets.xcassets */,
				57DABCDA2127F9E0007DE9EB /* LaunchScreen.storyboard */,
				57DABCDD2127F9E0007DE9EB /* Info.plist */,
				57DABCE72128067C007DE9EB /* level1.txt */,
				57DABCE9212806A9007DE9EB /* level2.txt */,
			);
			path = SevenSwiftyWords;
			sourceTree = "<group>";
		};
/* End PBXGroup section */

/* Begin PBXNativeTarget section */
		57DABCCD2127F9DF007DE9EB /* SevenSwiftyWords */ = {
			isa = PBXNativeTarget;
			buildConfigurationList = 57DABCE02127F9E0007DE9EB /* Build configuration list for PBXNativeTarget "SevenSwiftyWords" */;
			buildPhases = (
				57DABCCA2127F9DF007DE9EB /* Sources */,
				57DABCCB2127F9DF007DE9EB /* Frameworks */,
				57DABCCC2127F9DF007DE9EB /* Resources */,
			);
			buildRules = (
			);
			dependencies = (
			);
			name = SevenSwiftyWords;
			productName = SevenSwiftyWords;
			productReference = 57DABCCE2127F9DF007DE9EB /* SevenSwiftyWords.app */;
			productType = "com.apple.product-type.application";
		};
/* End PBXNativeTarget section */

/* Begin PBXProject section */
		57DABCC62127F9DF007DE9EB /* Project object */ = {
			isa = PBXProject;
			attributes = {
				LastSwiftUpdateCheck = 0940;
				LastUpgradeCheck = 0940;
				ORGANIZATIONNAME = "Khai Lee";
				TargetAttributes = {
					57DABCCD2127F9DF007DE9EB = {
						CreatedOnToolsVersion = 9.4.1;
					};
				};
			};
			buildConfigurationList = 57DABCC92127F9DF007DE9EB /* Build configuration list for PBXProject "SevenSwiftyWords" */;
			compatibilityVersion = "Xcode 9.3";
			developmentRegion = en;
			hasScannedForEncodings = 0;
			knownRegions = (
				en,
				Base,
			);
			mainGroup = 57DABCC52127F9DF007DE9EB;
			productRefGroup = 57DABCCF2127F9DF007DE9EB /* Products */;
			projectDirPath = "";
			projectRoot = "";
			targets = (
				57DABCCD2127F9DF007DE9EB /* SevenSwiftyWords */,
			);
		};
/* End PBXProject section */

/* Begin PBXResourcesBuildPhase section */
		57DABCCC2127F9DF007DE9EB /* Resources */ = {
			isa = PBXResourcesBuildPhase;
			buildActionMask = 2147483647;
			files = (
				57DABCEA212806A9007DE9EB /* level2.txt in Resources */,
				57DABCDC2127F9E0007DE9EB /* LaunchScreen.storyboard in Resources */,
				57DABCE82128067C007DE9EB /* level1.txt in Resources */,
				57DABCD92127F9E0007DE9EB /* Assets.xcassets in Resources */,
				57DABCD72127F9DF007DE9EB /* Main.storyboard in Resources */,
			);
			runOnlyForDeploymentPostprocessing = 0;
		};
/* End PBXResourcesBuildPhase section */

/* Begin PBXSourcesBuildPhase section */
		57DABCCA2127F9DF007DE9EB /* Sources */ = {
			isa = PBXSourcesBuildPhase;
			buildActionMask = 2147483647;
			files = (
				57DABCD42127F9DF007DE9EB /* ViewController.swift in Sources */,
				57DABCD22127F9DF007DE9EB /* AppDelegate.swift in Sources */,
			);
			runOnlyForDeploymentPostprocessing = 0;
		};
/* End PBXSourcesBuildPhase section */

/* Begin PBXVariantGroup section */
		57DABCD52127F9DF007DE9EB /* Main.storyboard */ = {
			isa = PBXVariantGroup;
			children = (
				57DABCD62127F9DF007DE9EB /* Base */,
			);
			name = Main.storyboard;
			sourceTree = "<group>";
		};
		57DABCDA2127F9E0007DE9EB /* LaunchScreen.storyboard */ = {
			isa = PBXVariantGroup;
			children = (
				57DABCDB2127F9E0007DE9EB /* Base */,
			);
			name = LaunchScreen.storyboard;
			sourceTree = "<group>";
		};
/* End PBXVariantGroup section */

/* Begin XCBuildConfiguration section */
		57DABCDE2127F9E0007DE9EB /* Debug */ = {
			isa = XCBuildConfiguration;
			buildSettings = {
				ALWAYS_SEARCH_USER_PATHS = NO;
				CLANG_ANALYZER_NONNULL = YES;
				CLANG_ANALYZER_NUMBER_OBJECT_CONVERSION = YES_AGGRESSIVE;
				CLANG_CXX_LANGUAGE_STANDARD = "gnu++14";
				CLANG_CXX_LIBRARY = "libc++";
				CLANG_ENABLE_MODULES = YES;
				CLANG_ENABLE_OBJC_ARC = YES;
				CLANG_ENABLE_OBJC_WEAK = YES;
				CLANG_WARN_BLOCK_CAPTURE_AUTORELEASING = YES;
				CLANG_WARN_BOOL_CONVERSION = YES;
				CLANG_WARN_COMMA = YES;
				CLANG_WARN_CONSTANT_CONVERSION = YES;
				CLANG_WARN_DEPRECATED_OBJC_IMPLEMENTATIONS = YES;
				CLANG_WARN_DIRECT_OBJC_ISA_USAGE = YES_ERROR;
				CLANG_WARN_DOCUMENTATION_COMMENTS = YES;
				CLANG_WARN_EMPTY_BODY = YES;
				CLANG_WARN_ENUM_CONVERSION = YES;
				CLANG_WARN_INFINITE_RECURSION = YES;
				CLANG_WARN_INT_CONVERSION = YES;
				CLANG_WARN_NON_LITERAL_NULL_CONVERSION = YES;
				CLANG_WARN_OBJC_IMPLICIT_RETAIN_SELF = YES;
				CLANG_WARN_OBJC_LITERAL_CONVERSION = YES;
				CLANG_WARN_OBJC_ROOT_CLASS = YES_ERROR;
				CLANG_WARN_RANGE_LOOP_ANALYSIS = YES;
				CLANG_WARN_STRICT_PROTOTYPES = YES;
				CLANG_WARN_SUSPICIOUS_MOVE = YES;
				CLANG_WARN_UNGUARDED_AVAILABILITY = YES_AGGRESSIVE;
				CLANG_WARN_UNREACHABLE_CODE = YES;
				CLANG_WARN__DUPLICATE_METHOD_MATCH = YES;
				CODE_SIGN_IDENTITY = "iPhone Developer";
				COPY_PHASE_STRIP = NO;
				DEBUG_INFORMATION_FORMAT = dwarf;
				ENABLE_STRICT_OBJC_MSGSEND = YES;
				ENABLE_TESTABILITY = YES;
				GCC_C_LANGUAGE_STANDARD = gnu11;
				GCC_DYNAMIC_NO_PIC = NO;
				GCC_NO_COMMON_BLOCKS = YES;
				GCC_OPTIMIZATION_LEVEL = 0;
				GCC_PREPROCESSOR_DEFINITIONS = (
					"DEBUG=1",
					"$(inherited)",
				);
				GCC_WARN_64_TO_32_BIT_CONVERSION = YES;
				GCC_WARN_ABOUT_RETURN_TYPE = YES_ERROR;
				GCC_WARN_UNDECLARED_SELECTOR = YES;
				GCC_WARN_UNINITIALIZED_AUTOS = YES_AGGRESSIVE;
				GCC_WARN_UNUSED_FUNCTION = YES;
				GCC_WARN_UNUSED_VARIABLE = YES;
				IPHONEOS_DEPLOYMENT_TARGET = 11.4;
				MTL_ENABLE_DEBUG_INFO = YES;
				ONLY_ACTIVE_ARCH = YES;
				SDKROOT = iphoneos;
				SWIFT_ACTIVE_COMPILATION_CONDITIONS = DEBUG;
				SWIFT_OPTIMIZATION_LEVEL = "-Onone";
			};
			name = Debug;
		};
		57DABCDF2127F9E0007DE9EB /* Release */ = {
			isa = XCBuildConfiguration;
			buildSettings = {
				ALWAYS_SEARCH_USER_PATHS = NO;
				CLANG_ANALYZER_NONNULL = YES;
				CLANG_ANALYZER_NUMBER_OBJECT_CONVERSION = YES_AGGRESSIVE;
				CLANG_CXX_LANGUAGE_STANDARD = "gnu++14";
				CLANG_CXX_LIBRARY = "libc++";
				CLANG_ENABLE_MODULES = YES;
				CLANG_ENABLE_OBJC_ARC = YES;
				CLANG_ENABLE_OBJC_WEAK = YES;
				CLANG_WARN_BLOCK_CAPTURE_AUTORELEASING = YES;
				CLANG_WARN_BOOL_CONVERSION = YES;
				CLANG_WARN_COMMA = YES;
				CLANG_WARN_CONSTANT_CONVERSION = YES;
				CLANG_WARN_DEPRECATED_OBJC_IMPLEMENTATIONS = YES;
				CLANG_WARN_DIRECT_OBJC_ISA_USAGE = YES_ERROR;
				CLANG_WARN_DOCUMENTATION_COMMENTS = YES;
				CLANG_WARN_EMPTY_BODY = YES;
				CLANG_WARN_ENUM_CONVERSION = YES;
				CLANG_WARN_INFINITE_RECURSION = YES;
				CLANG_WARN_INT_CONVERSION = YES;
				CLANG_WARN_NON_LITERAL_NULL_CONVERSION = YES;
				CLANG_WARN_OBJC_IMPLICIT_RETAIN_SELF = YES;
				CLANG_WARN_OBJC_LITERAL_CONVERSION = YES;
				CLANG_WARN_OBJC_ROOT_CLASS = YES_ERROR;
				CLANG_WARN_RANGE_LOOP_ANALYSIS = YES;
				CLANG_WARN_STRICT_PROTOTYPES = YES;
				CLANG_WARN_SUSPICIOUS_MOVE = YES;
				CLANG_WARN_UNGUARDED_AVAILABILITY = YES_AGGRESSIVE;
				CLANG_WARN_UNREACHABLE_CODE = YES;
				CLANG_WARN__DUPLICATE_METHOD_MATCH = YES;
				CODE_SIGN_IDENTITY = "iPhone Developer";
				COPY_PHASE_STRIP = NO;
				DEBUG_INFORMATION_FORMAT = "dwarf-with-dsym";
				ENABLE_NS_ASSERTIONS = NO;
				ENABLE_STRICT_OBJC_MSGSEND = YES;
				GCC_C_LANGUAGE_STANDARD = gnu11;
				GCC_NO_COMMON_BLOCKS = YES;
				GCC_WARN_64_TO_32_BIT_CONVERSION = YES;
				GCC_WARN_ABOUT_RETURN_TYPE = YES_ERROR;
				GCC_WARN_UNDECLARED_SELECTOR = YES;
				GCC_WARN_UNINITIALIZED_AUTOS = YES_AGGRESSIVE;
				GCC_WARN_UNUSED_FUNCTION = YES;
				GCC_WARN_UNUSED_VARIABLE = YES;
				IPHONEOS_DEPLOYMENT_TARGET = 11.4;
				MTL_ENABLE_DEBUG_INFO = NO;
				SDKROOT = iphoneos;
				SWIFT_COMPILATION_MODE = wholemodule;
				SWIFT_OPTIMIZATION_LEVEL = "-O";
				VALIDATE_PRODUCT = YES;
			};
			name = Release;
		};
		57DABCE12127F9E0007DE9EB /* Debug */ = {
			isa = XCBuildConfiguration;
			buildSettings = {
				ASSETCATALOG_COMPILER_APPICON_NAME = AppIcon;
				CODE_SIGN_STYLE = Automatic;
				DEVELOPMENT_TEAM = 95HV878579;
				INFOPLIST_FILE = SevenSwiftyWords/Info.plist;
				LD_RUNPATH_SEARCH_PATHS = (
					"$(inherited)",
					"@executable_path/Frameworks",
				);
				PRODUCT_BUNDLE_IDENTIFIER = com.Leekhai.SevenSwiftyWords;
				PRODUCT_NAME = "$(TARGET_NAME)";
				SWIFT_VERSION = 4.0;
				TARGETED_DEVICE_FAMILY = 2;
			};
			name = Debug;
		};
		57DABCE22127F9E0007DE9EB /* Release */ = {
			isa = XCBuildConfiguration;
			buildSettings = {
				ASSETCATALOG_COMPILER_APPICON_NAME = AppIcon;
				CODE_SIGN_STYLE = Automatic;
				DEVELOPMENT_TEAM = 95HV878579;
				INFOPLIST_FILE = SevenSwiftyWords/Info.plist;
				LD_RUNPATH_SEARCH_PATHS = (
					"$(inherited)",
					"@executable_path/Frameworks",
				);
				PRODUCT_BUNDLE_IDENTIFIER = com.Leekhai.SevenSwiftyWords;
				PRODUCT_NAME = "$(TARGET_NAME)";
				SWIFT_VERSION = 4.0;
				TARGETED_DEVICE_FAMILY = 2;
			};
			name = Release;
		};
/* End XCBuildConfiguration section */

/* Begin XCConfigurationList section */
		57DABCC92127F9DF007DE9EB /* Build configuration list for PBXProject "SevenSwiftyWords" */ = {
			isa = XCConfigurationList;
			buildConfigurations = (
				57DABCDE2127F9E0007DE9EB /* Debug */,
				57DABCDF2127F9E0007DE9EB /* Release */,
			);
			defaultConfigurationIsVisible = 0;
			defaultConfigurationName = Release;
		};
		57DABCE02127F9E0007DE9EB /* Build configuration list for PBXNativeTarget "SevenSwiftyWords" */ = {
			isa = XCConfigurationList;
			buildConfigurations = (
				57DABCE12127F9E0007DE9EB /* Debug */,
				57DABCE22127F9E0007DE9EB /* Release */,
			);
			defaultConfigurationIsVisible = 0;
			defaultConfigurationName = Release;
		};
/* End XCConfigurationList section */
	};
	rootObject = 57DABCC62127F9DF007DE9EB /* Project object */;
}
